{
  "sources": {
    "role-pypi": {
      "path": "."
    },
    "supervisor": {
      "locked_version": "0.4.11",
      "git": "git://github.com/poise/supervisor.git",
      "ref": "ffd88b59e3df97613b9ecfd53d489f6715551755"
    },
    "role-base": {
      "locked_version": "0.3.9"
    },
    "apt": {
      "locked_version": "2.3.0"
    },
    "chef-client": {
      "locked_version": "3.1.0"
    },
    "cron": {
      "locked_version": "1.2.8"
    },
    "logrotate": {
      "locked_version": "1.4.0"
    },
    "tmux": {
      "locked_version": "1.4.0"
    },
    "htop": {
      "locked_version": "1.2.0"
    },
    "yum": {
      "locked_version": "2.4.4"
    },
    "postfix": {
      "locked_version": "3.0.4"
    },
    "newrelic-sysmond": {
      "locked_version": "1.3.3"
    },
    "hostname": {
      "locked_version": "0.1.1"
    },
    "hostsfile": {
      "locked_version": "2.4.2"
    },
    "build-essential": {
      "locked_version": "1.4.2"
    },
    "balanced-citadel": {
      "locked_version": "1.0.0"
    },
    "citadel": {
      "locked_version": "1.0.0"
    },
    "balanced-user": {
      "locked_version": "0.1.2"
    },
    "user": {
      "locked_version": "0.3.0"
    },
    "balanced-dns": {
      "locked_version": "0.1.4"
    },
    "route53": {
      "locked_version": "0.4.0"
    },
    "balanced-rsyslog": {
      "locked_version": "0.1.2"
    },
    "rsyslog": {
      "locked_version": "1.9.0"
    },
    "balanced-apt": {
      "locked_version": "0.1.1"
    },
    "balanced-devpi": {
      "locked_version": "0.1.0"
    },
    "nginx": {
      "locked_version": "2.0.4"
    },
    "bluepill": {
      "locked_version": "2.3.0"
    },
    "ohai": {
      "locked_version": "1.1.12"
    },
    "runit": {
      "locked_version": "1.4.0"
    },
    "devpi": {
      "locked_version": "1.1.0"
    },
    "python": {
      "locked_version": "1.4.4"
    },
    "balanced-python": {
      "locked_version": "0.1.1"
    }
  }
}
